
Microsoft Visual Studio Solution File, Format Version 12.00
Project("{FAE04EC0-301F-11D3-BF4B-00C04F79EFBC}") = "CamAI.EdgeBox.Services", "CamAI.EdgeBox.Services\CamAI.EdgeBox.Services.csproj", "{C6385EFA-482A-42FF-81E4-D131CFDEBFA5}"
EndProject
Project("{FAE04EC0-301F-11D3-BF4B-00C04F79EFBC}") = "CamAI.EdgeBox.Controllers", "CamAI.EdgeBox.Controllers\CamAI.EdgeBox.Controllers.csproj", "{0C4896A1-7BE5-4DA3-8A13-1373EB0B3188}"
EndProject
Project("{FAE04EC0-301F-11D3-BF4B-00C04F79EFBC}") = "CamAI.EdgeBox.Repositories", "CamAI.EdgeBox.Repositories\CamAI.EdgeBox.Repositories.csproj", "{1C43D21A-EE3D-4A6C-9181-7FE028CA4817}"
EndProject
Project("{FAE04EC0-301F-11D3-BF4B-00C04F79EFBC}") = "CamAI.EdgeBox.Models", "CamAI.EdgeBox.Models\CamAI.EdgeBox.Models.csproj", "{97407F31-B25B-4C15-BC24-E906C0B0C51C}"
EndProject
Global
	GlobalSection(SolutionConfigurationPlatforms) = preSolution
		Debug|Any CPU = Debug|Any CPU
		Release|Any CPU = Release|Any CPU
	EndGlobalSection
	GlobalSection(ProjectConfigurationPlatforms) = postSolution
		{C6385EFA-482A-42FF-81E4-D131CFDEBFA5}.Debug|Any CPU.ActiveCfg = Debug|Any CPU
		{C6385EFA-482A-42FF-81E4-D131CFDEBFA5}.Debug|Any CPU.Build.0 = Debug|Any CPU
		{C6385EFA-482A-42FF-81E4-D131CFDEBFA5}.Release|Any CPU.ActiveCfg = Release|Any CPU
		{C6385EFA-482A-42FF-81E4-D131CFDEBFA5}.Release|Any CPU.Build.0 = Release|Any CPU
		{0C4896A1-7BE5-4DA3-8A13-1373EB0B3188}.Debug|Any CPU.ActiveCfg = Debug|Any CPU
		{0C4896A1-7BE5-4DA3-8A13-1373EB0B3188}.Debug|Any CPU.Build.0 = Debug|Any CPU
		{0C4896A1-7BE5-4DA3-8A13-1373EB0B3188}.Release|Any CPU.ActiveCfg = Release|Any CPU
		{0C4896A1-7BE5-4DA3-8A13-1373EB0B3188}.Release|Any CPU.Build.0 = Release|Any CPU
		{1C43D21A-EE3D-4A6C-9181-7FE028CA4817}.Debug|Any CPU.ActiveCfg = Debug|Any CPU
		{1C43D21A-EE3D-4A6C-9181-7FE028CA4817}.Debug|Any CPU.Build.0 = Debug|Any CPU
		{1C43D21A-EE3D-4A6C-9181-7FE028CA4817}.Release|Any CPU.ActiveCfg = Release|Any CPU
		{1C43D21A-EE3D-4A6C-9181-7FE028CA4817}.Release|Any CPU.Build.0 = Release|Any CPU
		{97407F31-B25B-4C15-BC24-E906C0B0C51C}.Debug|Any CPU.ActiveCfg = Debug|Any CPU
		{97407F31-B25B-4C15-BC24-E906C0B0C51C}.Debug|Any CPU.Build.0 = Debug|Any CPU
		{97407F31-B25B-4C15-BC24-E906C0B0C51C}.Release|Any CPU.ActiveCfg = Release|Any CPU
		{97407F31-B25B-4C15-BC24-E906C0B0C51C}.Release|Any CPU.Build.0 = Release|Any CPU
	EndGlobalSection
EndGlobal
